{
  "name": "nasa-project",
  "version": "1.0.0",
  "lockfileVersion": 2,
  "requires": true,
  "packages": {
    "": {
      "name": "nasa-project",
      "version": "1.0.0",
      "hasInstallScript": true,
      "license": "ISC",
      "dependencies": {
        "axios": "^0.26.0",
        "morgan": "^1.10.0"
      }
    },
    "node_modules/axios": {
      "version": "0.26.0",
      "resolved": "https://registry.npmjs.org/axios/-/axios-0.26.0.tgz",
      "integrity": "sha512-lKoGLMYtHvFrPVt3r+RBMp9nh34N0M8zEfCWqdWZx6phynIEhQqAdydpyBAAG211zlhX9Rgu08cOamy6XjE5Og==",
      "dependencies": {
        "follow-redirects": "^1.14.8"
      }
    },
    "node_modules/basic-auth": {
      "version": "2.0.1",
      "resolved": "https://registry.npmjs.org/basic-auth/-/basic-auth-2.0.1.tgz",
      "integrity": "sha512-NF+epuEdnUYVlGuhaxbbq+dvJttwLnGY+YixlXlME5KpQ5W3CnXA5cVTneY3SPbPDRkcjMbifrwmFYcClgOZeg==",
      "dependencies": {
        "safe-buffer": "5.1.2"
      },
      "engines": {
        "node": ">= 0.8"
      }
    },
    "node_modules/debug": {
      "version": "2.6.9",
      "resolved": "https://registry.npmjs.org/debug/-/debug-2.6.9.tgz",
      "integrity": "sha512-bC7ElrdJaJnPbAP+1EotYvqZsb3ecl5wi6Bfi6BJTUcNowp6cvspg0jXznRTKDjm/E7AdgFBVeAPVMNcKGsHMA==",
      "dependencies": {
        "ms": "2.0.0"
      }
    },
    "node_modules/depd": {
      "version": "2.0.0",
      "resolved": "https://registry.npmjs.org/depd/-/depd-2.0.0.tgz",
      "integrity": "sha512-g7nH6P6dyDioJogAAGprGpCtVImJhpPk/roCzdb3fIh61/s/nPsfR6onyMwkCAR/OlC3yBC0lESvUoQEAssIrw==",
      "engines": {
        "node": ">= 0.8"
      }
    },
    "node_modules/ee-first": {
      "version": "1.1.1",
      "resolved": "https://registry.npmjs.org/ee-first/-/ee-first-1.1.1.tgz",
      "integrity": "sha1-WQxhFWsK4vTwJVcyoViyZrxWsh0="
    },
    "node_modules/follow-redirects": {
      "version": "1.14.9",
      "resolved": "https://registry.npmjs.org/follow-redirects/-/follow-redirects-1.14.9.tgz",
      "integrity": "sha512-MQDfihBQYMcyy5dhRDJUHcw7lb2Pv/TuE6xP1vyraLukNDHKbDxDNaOE3NbCAdKQApno+GPRyo1YAp89yCjK4w==",
      "funding": [
        {
          "type": "individual",
          "url": "https://github.com/sponsors/RubenVerborgh"
        }
      ],
      "engines": {
        "node": ">=4.0"
      },
      "peerDependenciesMeta": {
        "debug": {
          "optional": true
        }
      }
    },
    "node_modules/morgan": {
      "version": "1.10.0",
      "resolved": "https://registry.npmjs.org/morgan/-/morgan-1.10.0.tgz",
      "integrity": "sha512-AbegBVI4sh6El+1gNwvD5YIck7nSA36weD7xvIxG4in80j/UoK8AEGaWnnz8v1GxonMCltmlNs5ZKbGvl9b1XQ==",
      "dependencies": {
        "basic-auth": "~2.0.1",
        "debug": "2.6.9",
        "depd": "~2.0.0",
        "on-finished": "~2.3.0",
        "on-headers": "~1.0.2"
      },
      "engines": {
        "node": ">= 0.8.0"
      }
    },
    "node_modules/ms": {
      "version": "2.0.0",
      "resolved": "https://registry.npmjs.org/ms/-/ms-2.0.0.tgz",
      "integrity": "sha1-VgiurfwAvmwpAd9fmGF4jeDVl8g="
    },
    "node_modules/on-finished": {
      "version": "2.3.0",
      "resolved": "https://registry.npmjs.org/on-finished/-/on-finished-2.3.0.tgz",
      "integrity": "sha1-IPEzZIGwg811M3mSoWlxqi2QaUc=",
      "dependencies": {
        "ee-first": "1.1.1"
      },
      "engines": {
        "node": ">= 0.8"
      }
    },
    "node_modules/on-headers": {
      "version": "1.0.2",
      "resolved": "https://registry.npmjs.org/on-headers/-/on-headers-1.0.2.tgz",
      "integrity": "sha512-pZAE+FJLoyITytdqK0U5s+FIpjN0JP3OzFi/u8Rx+EV5/W+JTWGXG8xFzevE7AjBfDqHv/8vL8qQsIhHnqRkrA==",
      "engines": {
        "node": ">= 0.8"
      }
    },
    "node_modules/safe-buffer": {
      "version": "5.1.2",
      "resolved": "https://registry.npmjs.org/safe-buffer/-/safe-buffer-5.1.2.tgz",
      "integrity": "sha512-Gd2UZBJDkXlY7GbJxfsE8/nvKkUEU1G38c1siN6QP6a9PT9MmHB8GnpscSmMJSoF8LOIrt8ud/wPtojys4G6+g=="
    }
  },
  "dependencies": {
    "axios": {
      "version": "0.26.0",
      "resolved": "https://registry.npmjs.org/axios/-/axios-0.26.0.tgz",
      "integrity": "sha512-lKoGLMYtHvFrPVt3r+RBMp9nh34N0M8zEfCWqdWZx6phynIEhQqAdydpyBAAG211zlhX9Rgu08cOamy6XjE5Og==",
      "requires": {
        "follow-redirects": "^1.14.8"
      }
    },
    "basic-auth": {
      "version": "2.0.1",
      "resolved": "https://registry.npmjs.org/basic-auth/-/basic-auth-2.0.1.tgz",
      "integrity": "sha512-NF+epuEdnUYVlGuhaxbbq+dvJttwLnGY+YixlXlME5KpQ5W3CnXA5cVTneY3SPbPDRkcjMbifrwmFYcClgOZeg==",
      "requires": {
        "safe-buffer": "5.1.2"
      }
    },
    "debug": {
      "version": "2.6.9",
      "resolved": "https://registry.npmjs.org/debug/-/debug-2.6.9.tgz",
      "integrity": "sha512-bC7ElrdJaJnPbAP+1EotYvqZsb3ecl5wi6Bfi6BJTUcNowp6cvspg0jXznRTKDjm/E7AdgFBVeAPVMNcKGsHMA==",
      "requires": {
        "ms": "2.0.0"
      }
    },
    "depd": {
      "version": "2.0.0",
      "resolved": "https://registry.npmjs.org/depd/-/depd-2.0.0.tgz",
      "integrity": "sha512-g7nH6P6dyDioJogAAGprGpCtVImJhpPk/roCzdb3fIh61/s/nPsfR6onyMwkCAR/OlC3yBC0lESvUoQEAssIrw=="
    },
    "ee-first": {
      "version": "1.1.1",
      "resolved": "https://registry.npmjs.org/ee-first/-/ee-first-1.1.1.tgz",
      "integrity": "sha1-WQxhFWsK4vTwJVcyoViyZrxWsh0="
    },
    "follow-redirects": {
      "version": "1.14.9",
      "resolved": "https://registry.npmjs.org/follow-redirects/-/follow-redirects-1.14.9.tgz",
      "integrity": "sha512-MQDfihBQYMcyy5dhRDJUHcw7lb2Pv/TuE6xP1vyraLukNDHKbDxDNaOE3NbCAdKQApno+GPRyo1YAp89yCjK4w=="
    },
    "morgan": {
      "version": "1.10.0",
      "resolved": "https://registry.npmjs.org/morgan/-/morgan-1.10.0.tgz",
      "integrity": "sha512-AbegBVI4sh6El+1gNwvD5YIck7nSA36weD7xvIxG4in80j/UoK8AEGaWnnz8v1GxonMCltmlNs5ZKbGvl9b1XQ==",
      "requires": {
        "basic-auth": "~2.0.1",
        "debug": "2.6.9",
        "depd": "~2.0.0",
        "on-finished": "~2.3.0",
        "on-headers": "~1.0.2"
      }
    },
    "ms": {
      "version": "2.0.0",
      "resolved": "https://registry.npmjs.org/ms/-/ms-2.0.0.tgz",
      "integrity": "sha1-VgiurfwAvmwpAd9fmGF4jeDVl8g="
    },
    "on-finished": {
      "version": "2.3.0",
      "resolved": "https://registry.npmjs.org/on-finished/-/on-finished-2.3.0.tgz",
      "integrity": "sha1-IPEzZIGwg811M3mSoWlxqi2QaUc=",
      "requires": {
        "ee-first": "1.1.1"
      }
    },
    "on-headers": {
      "version": "1.0.2",
      "resolved": "https://registry.npmjs.org/on-headers/-/on-headers-1.0.2.tgz",
      "integrity": "sha512-pZAE+FJLoyITytdqK0U5s+FIpjN0JP3OzFi/u8Rx+EV5/W+JTWGXG8xFzevE7AjBfDqHv/8vL8qQsIhHnqRkrA=="
    },
    "safe-buffer": {
      "version": "5.1.2",
      "resolved": "https://registry.npmjs.org/safe-buffer/-/safe-buffer-5.1.2.tgz",
      "integrity": "sha512-Gd2UZBJDkXlY7GbJxfsE8/nvKkUEU1G38c1siN6QP6a9PT9MmHB8GnpscSmMJSoF8LOIrt8ud/wPtojys4G6+g=="
    }
  }
}
